
Microsoft Visual Studio Solution File, Format Version 12.00
# Visual Studio 15
VisualStudioVersion = 15.0.27703.2026
MinimumVisualStudioVersion = 10.0.40219.1
Project("{FAE04EC0-301F-11D3-BF4B-00C04F79EFBC}") = "AgileDev.Web", "AgileDev.Web\AgileDev.Web.csproj", "{3FC1D94A-B347-4C29-95D3-7681674856E3}"
EndProject
Project("{FAE04EC0-301F-11D3-BF4B-00C04F79EFBC}") = "AgileDev.Entity", "AgileDev.Model\AgileDev.Entity.csproj", "{44760197-9398-41E6-836B-EA219F53FF84}"
EndProject
Project("{FAE04EC0-301F-11D3-BF4B-00C04F79EFBC}") = "AgileDev.Services", "AgileDev.Services\AgileDev.Services.csproj", "{89D785ED-FE4A-49D8-951D-70F1FE25EF38}"
EndProject
Project("{FAE04EC0-301F-11D3-BF4B-00C04F79EFBC}") = "AgileDev.EntityFramework", "AgileDev.EntityFramework\AgileDev.EntityFramework.csproj", "{C04648D5-3DC6-4277-9BE9-97CA619A674E}"
EndProject
Project("{FAE04EC0-301F-11D3-BF4B-00C04F79EFBC}") = "AgileDev.Interface", "AgileDev.Interface\AgileDev.Interface.csproj", "{6D2A94AE-A4BD-4DD9-A44C-F7E710B86CE4}"
EndProject
Project("{FAE04EC0-301F-11D3-BF4B-00C04F79EFBC}") = "AgileDev.App", "AgileDev.App\AgileDev.App.csproj", "{328305A9-7ED1-4772-886F-B52032A93C04}"
EndProject
Project("{FAE04EC0-301F-11D3-BF4B-00C04F79EFBC}") = "AgileDev.Utility", "AgileDev.Utility\AgileDev.Utility.csproj", "{EA56393F-5985-4BFE-B179-07B4E6C789C5}"
EndProject
Project("{FAE04EC0-301F-11D3-BF4B-00C04F79EFBC}") = "AgileDev.Api", "AgileDev.Api\AgileDev.Api.csproj", "{FC25F9FB-5DE4-45CF-AD3A-A0CA2D58BDAB}"
EndProject
Global
	GlobalSection(SolutionConfigurationPlatforms) = preSolution
		Debug|Any CPU = Debug|Any CPU
		Release|Any CPU = Release|Any CPU
	EndGlobalSection
	GlobalSection(ProjectConfigurationPlatforms) = postSolution
		{3FC1D94A-B347-4C29-95D3-7681674856E3}.Debug|Any CPU.ActiveCfg = Debug|Any CPU
		{3FC1D94A-B347-4C29-95D3-7681674856E3}.Debug|Any CPU.Build.0 = Debug|Any CPU
		{3FC1D94A-B347-4C29-95D3-7681674856E3}.Release|Any CPU.ActiveCfg = Release|Any CPU
		{3FC1D94A-B347-4C29-95D3-7681674856E3}.Release|Any CPU.Build.0 = Release|Any CPU
		{44760197-9398-41E6-836B-EA219F53FF84}.Debug|Any CPU.ActiveCfg = Debug|Any CPU
		{44760197-9398-41E6-836B-EA219F53FF84}.Debug|Any CPU.Build.0 = Debug|Any CPU
		{44760197-9398-41E6-836B-EA219F53FF84}.Release|Any CPU.ActiveCfg = Release|Any CPU
		{44760197-9398-41E6-836B-EA219F53FF84}.Release|Any CPU.Build.0 = Release|Any CPU
		{89D785ED-FE4A-49D8-951D-70F1FE25EF38}.Debug|Any CPU.ActiveCfg = Debug|Any CPU
		{89D785ED-FE4A-49D8-951D-70F1FE25EF38}.Debug|Any CPU.Build.0 = Debug|Any CPU
		{89D785ED-FE4A-49D8-951D-70F1FE25EF38}.Release|Any CPU.ActiveCfg = Release|Any CPU
		{89D785ED-FE4A-49D8-951D-70F1FE25EF38}.Release|Any CPU.Build.0 = Release|Any CPU
		{C04648D5-3DC6-4277-9BE9-97CA619A674E}.Debug|Any CPU.ActiveCfg = Debug|Any CPU
		{C04648D5-3DC6-4277-9BE9-97CA619A674E}.Debug|Any CPU.Build.0 = Debug|Any CPU
		{C04648D5-3DC6-4277-9BE9-97CA619A674E}.Release|Any CPU.ActiveCfg = Release|Any CPU
		{C04648D5-3DC6-4277-9BE9-97CA619A674E}.Release|Any CPU.Build.0 = Release|Any CPU
		{6D2A94AE-A4BD-4DD9-A44C-F7E710B86CE4}.Debug|Any CPU.ActiveCfg = Debug|Any CPU
		{6D2A94AE-A4BD-4DD9-A44C-F7E710B86CE4}.Debug|Any CPU.Build.0 = Debug|Any CPU
		{6D2A94AE-A4BD-4DD9-A44C-F7E710B86CE4}.Release|Any CPU.ActiveCfg = Release|Any CPU
		{6D2A94AE-A4BD-4DD9-A44C-F7E710B86CE4}.Release|Any CPU.Build.0 = Release|Any CPU
		{328305A9-7ED1-4772-886F-B52032A93C04}.Debug|Any CPU.ActiveCfg = Debug|Any CPU
		{328305A9-7ED1-4772-886F-B52032A93C04}.Debug|Any CPU.Build.0 = Debug|Any CPU
		{328305A9-7ED1-4772-886F-B52032A93C04}.Release|Any CPU.ActiveCfg = Release|Any CPU
		{328305A9-7ED1-4772-886F-B52032A93C04}.Release|Any CPU.Build.0 = Release|Any CPU
		{EA56393F-5985-4BFE-B179-07B4E6C789C5}.Debug|Any CPU.ActiveCfg = Debug|Any CPU
		{EA56393F-5985-4BFE-B179-07B4E6C789C5}.Debug|Any CPU.Build.0 = Debug|Any CPU
		{EA56393F-5985-4BFE-B179-07B4E6C789C5}.Release|Any CPU.ActiveCfg = Release|Any CPU
		{EA56393F-5985-4BFE-B179-07B4E6C789C5}.Release|Any CPU.Build.0 = Release|Any CPU
		{FC25F9FB-5DE4-45CF-AD3A-A0CA2D58BDAB}.Debug|Any CPU.ActiveCfg = Debug|Any CPU
		{FC25F9FB-5DE4-45CF-AD3A-A0CA2D58BDAB}.Debug|Any CPU.Build.0 = Debug|Any CPU
		{FC25F9FB-5DE4-45CF-AD3A-A0CA2D58BDAB}.Release|Any CPU.ActiveCfg = Release|Any CPU
		{FC25F9FB-5DE4-45CF-AD3A-A0CA2D58BDAB}.Release|Any CPU.Build.0 = Release|Any CPU
	EndGlobalSection
	GlobalSection(SolutionProperties) = preSolution
		HideSolutionNode = FALSE
	EndGlobalSection
	GlobalSection(ExtensibilityGlobals) = postSolution
		SolutionGuid = {54CE43B7-D27E-4C9C-91DB-A6BA37B318F1}
	EndGlobalSection
EndGlobal
